
Microsoft Visual Studio Solution File, Format Version 12.00
# Visual Studio 15
VisualStudioVersion = 15.0.26403.7
MinimumVisualStudioVersion = 10.0.40219.1
Project("{FAE04EC0-301F-11D3-BF4B-00C04F79EFBC}") = "conmonapi", "src\conmonapi.csproj", "{36CA0151-3CAF-4A8F-83C8-ECF3CE4DA7C7}"
EndProject
Project("{E53339B2-1760-4266-BCC7-CA923CBCF16C}") = "docker-compose", "docker-compose.dcproj", "{23B17833-A359-43BD-9C59-946B1395C0DE}"
EndProject
Project("{FAE04EC0-301F-11D3-BF4B-00C04F79EFBC}") = "tests", "tests\tests.csproj", "{6A3EA12E-EE70-4FA5-B63F-0233A308F310}"
EndProject
Global
	GlobalSection(SolutionConfigurationPlatforms) = preSolution
		Debug|Any CPU = Debug|Any CPU
		Release|Any CPU = Release|Any CPU
	EndGlobalSection
	GlobalSection(ProjectConfigurationPlatforms) = postSolution
		{36CA0151-3CAF-4A8F-83C8-ECF3CE4DA7C7}.Debug|Any CPU.ActiveCfg = Debug|Any CPU
		{36CA0151-3CAF-4A8F-83C8-ECF3CE4DA7C7}.Debug|Any CPU.Build.0 = Debug|Any CPU
		{36CA0151-3CAF-4A8F-83C8-ECF3CE4DA7C7}.Release|Any CPU.ActiveCfg = Release|Any CPU
		{36CA0151-3CAF-4A8F-83C8-ECF3CE4DA7C7}.Release|Any CPU.Build.0 = Release|Any CPU
		{23B17833-A359-43BD-9C59-946B1395C0DE}.Debug|Any CPU.ActiveCfg = Debug|Any CPU
		{23B17833-A359-43BD-9C59-946B1395C0DE}.Debug|Any CPU.Build.0 = Debug|Any CPU
		{23B17833-A359-43BD-9C59-946B1395C0DE}.Release|Any CPU.ActiveCfg = Release|Any CPU
		{23B17833-A359-43BD-9C59-946B1395C0DE}.Release|Any CPU.Build.0 = Release|Any CPU
		{6A3EA12E-EE70-4FA5-B63F-0233A308F310}.Debug|Any CPU.ActiveCfg = Debug|Any CPU
		{6A3EA12E-EE70-4FA5-B63F-0233A308F310}.Debug|Any CPU.Build.0 = Debug|Any CPU
		{6A3EA12E-EE70-4FA5-B63F-0233A308F310}.Release|Any CPU.ActiveCfg = Release|Any CPU
		{6A3EA12E-EE70-4FA5-B63F-0233A308F310}.Release|Any CPU.Build.0 = Release|Any CPU
	EndGlobalSection
	GlobalSection(SolutionProperties) = preSolution
		HideSolutionNode = FALSE
	EndGlobalSection
EndGlobal
